// !$*UTF8*$!
{
	archiveVersion = 1;
	classes = {
	};
	objectVersion = 55;
	objects = {

/* Begin PBXBuildFile section */
		C4BEA48028623B8900F33AB4 /* AppDelegate.swift in Sources */ = {isa = PBXBuildFile; fileRef = C4BEA47F28623B8900F33AB4 /* AppDelegate.swift */; };
		C4BEA48228623B8900F33AB4 /* SceneDelegate.swift in Sources */ = {isa = PBXBuildFile; fileRef = C4BEA48128623B8900F33AB4 /* SceneDelegate.swift */; };
		C4BEA48428623B8900F33AB4 /* ViewController.swift in Sources */ = {isa = PBXBuildFile; fileRef = C4BEA48328623B8900F33AB4 /* ViewController.swift */; };
		C4BEA48728623B8900F33AB4 /* Main.storyboard in Resources */ = {isa = PBXBuildFile; fileRef = C4BEA48528623B8900F33AB4 /* Main.storyboard */; };
		C4BEA48928623B8C00F33AB4 /* Assets.xcassets in Resources */ = {isa = PBXBuildFile; fileRef = C4BEA48828623B8C00F33AB4 /* Assets.xcassets */; };
		C4BEA48C28623B8C00F33AB4 /* LaunchScreen.storyboard in Resources */ = {isa = PBXBuildFile; fileRef = C4BEA48A28623B8C00F33AB4 /* LaunchScreen.storyboard */; };
		C4BEA4982862549000F33AB4 /* Buttons.swift in Sources */ = {isa = PBXBuildFile; fileRef = C4BEA4972862549000F33AB4 /* Buttons.swift */; };
		C4BEA49C2862943B00F33AB4 /* ContainerOfButtons.swift in Sources */ = {isa = PBXBuildFile; fileRef = C4BEA49B2862943B00F33AB4 /* ContainerOfButtons.swift */; };
		C4BEA49E2862954200F33AB4 /* RowOfButton.swift in Sources */ = {isa = PBXBuildFile; fileRef = C4BEA49D2862954200F33AB4 /* RowOfButton.swift */; };
		C4BEA4A02863B00100F33AB4 /* FieldOfOperationLabel.swift in Sources */ = {isa = PBXBuildFile; fileRef = C4BEA49F2863B00100F33AB4 /* FieldOfOperationLabel.swift */; };
		C4BEA4A22863B31700F33AB4 /* stackViewDisplayOperation.swift in Sources */ = {isa = PBXBuildFile; fileRef = C4BEA4A12863B31700F33AB4 /* stackViewDisplayOperation.swift */; };
/* End PBXBuildFile section */

/* Begin PBXFileReference section */
		C4BEA47C28623B8900F33AB4 /* Calculadora-1.app */ = {isa = PBXFileReference; explicitFileType = wrapper.application; includeInIndex = 0; path = "Calculadora-1.app"; sourceTree = BUILT_PRODUCTS_DIR; };
		C4BEA47F28623B8900F33AB4 /* AppDelegate.swift */ = {isa = PBXFileReference; lastKnownFileType = sourcecode.swift; path = AppDelegate.swift; sourceTree = "<group>"; };
		C4BEA48128623B8900F33AB4 /* SceneDelegate.swift */ = {isa = PBXFileReference; lastKnownFileType = sourcecode.swift; path = SceneDelegate.swift; sourceTree = "<group>"; };
		C4BEA48328623B8900F33AB4 /* ViewController.swift */ = {isa = PBXFileReference; lastKnownFileType = sourcecode.swift; path = ViewController.swift; sourceTree = "<group>"; };
		C4BEA48628623B8900F33AB4 /* Base */ = {isa = PBXFileReference; lastKnownFileType = file.storyboard; name = Base; path = Base.lproj/Main.storyboard; sourceTree = "<group>"; };
		C4BEA48828623B8C00F33AB4 /* Assets.xcassets */ = {isa = PBXFileReference; lastKnownFileType = folder.assetcatalog; path = Assets.xcassets; sourceTree = "<group>"; };
		C4BEA48B28623B8C00F33AB4 /* Base */ = {isa = PBXFileReference; lastKnownFileType = file.storyboard; name = Base; path = Base.lproj/LaunchScreen.storyboard; sourceTree = "<group>"; };
		C4BEA48D28623B8C00F33AB4 /* Info.plist */ = {isa = PBXFileReference; lastKnownFileType = text.plist.xml; path = Info.plist; sourceTree = "<group>"; };
		C4BEA4972862549000F33AB4 /* Buttons.swift */ = {isa = PBXFileReference; lastKnownFileType = sourcecode.swift; path = Buttons.swift; sourceTree = "<group>"; };
		C4BEA49B2862943B00F33AB4 /* ContainerOfButtons.swift */ = {isa = PBXFileReference; lastKnownFileType = sourcecode.swift; path = ContainerOfButtons.swift; sourceTree = "<group>"; };
		C4BEA49D2862954200F33AB4 /* RowOfButton.swift */ = {isa = PBXFileReference; lastKnownFileType = sourcecode.swift; path = RowOfButton.swift; sourceTree = "<group>"; };
		C4BEA49F2863B00100F33AB4 /* FieldOfOperationLabel.swift */ = {isa = PBXFileReference; lastKnownFileType = sourcecode.swift; path = FieldOfOperationLabel.swift; sourceTree = "<group>"; };
		C4BEA4A12863B31700F33AB4 /* stackViewDisplayOperation.swift */ = {isa = PBXFileReference; lastKnownFileType = sourcecode.swift; path = stackViewDisplayOperation.swift; sourceTree = "<group>"; };
/* End PBXFileReference section */

/* Begin PBXFrameworksBuildPhase section */
		C4BEA47928623B8900F33AB4 /* Frameworks */ = {
			isa = PBXFrameworksBuildPhase;
			buildActionMask = 2147483647;
			files = (
			);
			runOnlyForDeploymentPostprocessing = 0;
		};
/* End PBXFrameworksBuildPhase section */

/* Begin PBXGroup section */
		C4BEA47328623B8900F33AB4 = {
			isa = PBXGroup;
			children = (
				C4BEA47E28623B8900F33AB4 /* Calculadora-1 */,
				C4BEA47D28623B8900F33AB4 /* Products */,
			);
			sourceTree = "<group>";
		};
		C4BEA47D28623B8900F33AB4 /* Products */ = {
			isa = PBXGroup;
			children = (
				C4BEA47C28623B8900F33AB4 /* Calculadora-1.app */,
			);
			name = Products;
			sourceTree = "<group>";
		};
		C4BEA47E28623B8900F33AB4 /* Calculadora-1 */ = {
			isa = PBXGroup;
			children = (
				C4BEA47F28623B8900F33AB4 /* AppDelegate.swift */,
				C4BEA48128623B8900F33AB4 /* SceneDelegate.swift */,
				C4BEA48328623B8900F33AB4 /* ViewController.swift */,
				C4BEA4A12863B31700F33AB4 /* stackViewDisplayOperation.swift */,
				C4BEA49B2862943B00F33AB4 /* ContainerOfButtons.swift */,
				C4BEA49F2863B00100F33AB4 /* FieldOfOperationLabel.swift */,
				C4BEA49D2862954200F33AB4 /* RowOfButton.swift */,
				C4BEA4972862549000F33AB4 /* Buttons.swift */,
				C4BEA48528623B8900F33AB4 /* Main.storyboard */,
				C4BEA48828623B8C00F33AB4 /* Assets.xcassets */,
				C4BEA48A28623B8C00F33AB4 /* LaunchScreen.storyboard */,
				C4BEA48D28623B8C00F33AB4 /* Info.plist */,
			);
			path = "Calculadora-1";
			sourceTree = "<group>";
		};
/* End PBXGroup section */

/* Begin PBXNativeTarget section */
		C4BEA47B28623B8900F33AB4 /* Calculadora-1 */ = {
			isa = PBXNativeTarget;
			buildConfigurationList = C4BEA49028623B8C00F33AB4 /* Build configuration list for PBXNativeTarget "Calculadora-1" */;
			buildPhases = (
				C4BEA47828623B8900F33AB4 /* Sources */,
				C4BEA47928623B8900F33AB4 /* Frameworks */,
				C4BEA47A28623B8900F33AB4 /* Resources */,
			);
			buildRules = (
			);
			dependencies = (
			);
			name = "Calculadora-1";
			productName = "Calculadora-1";
			productReference = C4BEA47C28623B8900F33AB4 /* Calculadora-1.app */;
			productType = "com.apple.product-type.application";
		};
/* End PBXNativeTarget section */

/* Begin PBXProject section */
		C4BEA47428623B8900F33AB4 /* Project object */ = {
			isa = PBXProject;
			attributes = {
				BuildIndependentTargetsInParallel = 1;
				LastSwiftUpdateCheck = 1340;
				LastUpgradeCheck = 1340;
				ORGANIZATIONNAME = akelbarbosa;
				TargetAttributes = {
					C4BEA47B28623B8900F33AB4 = {
						CreatedOnToolsVersion = 13.4.1;
					};
				};
			};
			buildConfigurationList = C4BEA47728623B8900F33AB4 /* Build configuration list for PBXProject "Calculadora-1" */;
			compatibilityVersion = "Xcode 13.0";
			developmentRegion = en;
			hasScannedForEncodings = 0;
			knownRegions = (
				en,
				Base,
			);
			mainGroup = C4BEA47328623B8900F33AB4;
			packageReferences = (
				C4BEA4A32864F83F00F33AB4 /* XCRemoteSwiftPackageReference "BigEval" */,
			);
			productRefGroup = C4BEA47D28623B8900F33AB4 /* Products */;
			projectDirPath = "";
			projectRoot = "";
			targets = (
				C4BEA47B28623B8900F33AB4 /* Calculadora-1 */,
			);
		};
/* End PBXProject section */

/* Begin PBXResourcesBuildPhase section */
		C4BEA47A28623B8900F33AB4 /* Resources */ = {
			isa = PBXResourcesBuildPhase;
			buildActionMask = 2147483647;
			files = (
				C4BEA48C28623B8C00F33AB4 /* LaunchScreen.storyboard in Resources */,
				C4BEA48928623B8C00F33AB4 /* Assets.xcassets in Resources */,
				C4BEA48728623B8900F33AB4 /* Main.storyboard in Resources */,
			);
			runOnlyForDeploymentPostprocessing = 0;
		};
/* End PBXResourcesBuildPhase section */

/* Begin PBXSourcesBuildPhase section */
		C4BEA47828623B8900F33AB4 /* Sources */ = {
			isa = PBXSourcesBuildPhase;
			buildActionMask = 2147483647;
			files = (
				C4BEA4A02863B00100F33AB4 /* FieldOfOperationLabel.swift in Sources */,
				C4BEA48428623B8900F33AB4 /* ViewController.swift in Sources */,
				C4BEA48028623B8900F33AB4 /* AppDelegate.swift in Sources */,
				C4BEA4982862549000F33AB4 /* Buttons.swift in Sources */,
				C4BEA4A22863B31700F33AB4 /* stackViewDisplayOperation.swift in Sources */,
				C4BEA48228623B8900F33AB4 /* SceneDelegate.swift in Sources */,
				C4BEA49E2862954200F33AB4 /* RowOfButton.swift in Sources */,
				C4BEA49C2862943B00F33AB4 /* ContainerOfButtons.swift in Sources */,
			);
			runOnlyForDeploymentPostprocessing = 0;
		};
/* End PBXSourcesBuildPhase section */

/* Begin PBXVariantGroup section */
		C4BEA48528623B8900F33AB4 /* Main.storyboard */ = {
			isa = PBXVariantGroup;
			children = (
				C4BEA48628623B8900F33AB4 /* Base */,
			);
			name = Main.storyboard;
			sourceTree = "<group>";
		};
		C4BEA48A28623B8C00F33AB4 /* LaunchScreen.storyboard */ = {
			isa = PBXVariantGroup;
			children = (
				C4BEA48B28623B8C00F33AB4 /* Base */,
			);
			name = LaunchScreen.storyboard;
			sourceTree = "<group>";
		};
/* End PBXVariantGroup section */

/* Begin XCBuildConfiguration section */
		C4BEA48E28623B8C00F33AB4 /* Debug */ = {
			isa = XCBuildConfiguration;
			buildSettings = {
				ALWAYS_SEARCH_USER_PATHS = NO;
				CLANG_ANALYZER_NONNULL = YES;
				CLANG_ANALYZER_NUMBER_OBJECT_CONVERSION = YES_AGGRESSIVE;
				CLANG_CXX_LANGUAGE_STANDARD = "gnu++17";
				CLANG_ENABLE_MODULES = YES;
				CLANG_ENABLE_OBJC_ARC = YES;
				CLANG_ENABLE_OBJC_WEAK = YES;
				CLANG_WARN_BLOCK_CAPTURE_AUTORELEASING = YES;
				CLANG_WARN_BOOL_CONVERSION = YES;
				CLANG_WARN_COMMA = YES;
				CLANG_WARN_CONSTANT_CONVERSION = YES;
				CLANG_WARN_DEPRECATED_OBJC_IMPLEMENTATIONS = YES;
				CLANG_WARN_DIRECT_OBJC_ISA_USAGE = YES_ERROR;
				CLANG_WARN_DOCUMENTATION_COMMENTS = YES;
				CLANG_WARN_EMPTY_BODY = YES;
				CLANG_WARN_ENUM_CONVERSION = YES;
				CLANG_WARN_INFINITE_RECURSION = YES;
				CLANG_WARN_INT_CONVERSION = YES;
				CLANG_WARN_NON_LITERAL_NULL_CONVERSION = YES;
				CLANG_WARN_OBJC_IMPLICIT_RETAIN_SELF = YES;
				CLANG_WARN_OBJC_LITERAL_CONVERSION = YES;
				CLANG_WARN_OBJC_ROOT_CLASS = YES_ERROR;
				CLANG_WARN_QUOTED_INCLUDE_IN_FRAMEWORK_HEADER = YES;
				CLANG_WARN_RANGE_LOOP_ANALYSIS = YES;
				CLANG_WARN_STRICT_PROTOTYPES = YES;
				CLANG_WARN_SUSPICIOUS_MOVE = YES;
				CLANG_WARN_UNGUARDED_AVAILABILITY = YES_AGGRESSIVE;
				CLANG_WARN_UNREACHABLE_CODE = YES;
				CLANG_WARN__DUPLICATE_METHOD_MATCH = YES;
				COPY_PHASE_STRIP = NO;
				DEBUG_INFORMATION_FORMAT = dwarf;
				ENABLE_STRICT_OBJC_MSGSEND = YES;
				ENABLE_TESTABILITY = YES;
				GCC_C_LANGUAGE_STANDARD = gnu11;
				GCC_DYNAMIC_NO_PIC = NO;
				GCC_NO_COMMON_BLOCKS = YES;
				GCC_OPTIMIZATION_LEVEL = 0;
				GCC_PREPROCESSOR_DEFINITIONS = (
					"DEBUG=1",
					"$(inherited)",
				);
				GCC_WARN_64_TO_32_BIT_CONVERSION = YES;
				GCC_WARN_ABOUT_RETURN_TYPE = YES_ERROR;
				GCC_WARN_UNDECLARED_SELECTOR = YES;
				GCC_WARN_UNINITIALIZED_AUTOS = YES_AGGRESSIVE;
				GCC_WARN_UNUSED_FUNCTION = YES;
				GCC_WARN_UNUSED_VARIABLE = YES;
				IPHONEOS_DEPLOYMENT_TARGET = 15.5;
				MTL_ENABLE_DEBUG_INFO = INCLUDE_SOURCE;
				MTL_FAST_MATH = YES;
				ONLY_ACTIVE_ARCH = YES;
				SDKROOT = iphoneos;
				SWIFT_ACTIVE_COMPILATION_CONDITIONS = DEBUG;
				SWIFT_OPTIMIZATION_LEVEL = "-Onone";
			};
			name = Debug;
		};
		C4BEA48F28623B8C00F33AB4 /* Release */ = {
			isa = XCBuildConfiguration;
			buildSettings = {
				ALWAYS_SEARCH_USER_PATHS = NO;
				CLANG_ANALYZER_NONNULL = YES;
				CLANG_ANALYZER_NUMBER_OBJECT_CONVERSION = YES_AGGRESSIVE;
				CLANG_CXX_LANGUAGE_STANDARD = "gnu++17";
				CLANG_ENABLE_MODULES = YES;
				CLANG_ENABLE_OBJC_ARC = YES;
				CLANG_ENABLE_OBJC_WEAK = YES;
				CLANG_WARN_BLOCK_CAPTURE_AUTORELEASING = YES;
				CLANG_WARN_BOOL_CONVERSION = YES;
				CLANG_WARN_COMMA = YES;
				CLANG_WARN_CONSTANT_CONVERSION = YES;
				CLANG_WARN_DEPRECATED_OBJC_IMPLEMENTATIONS = YES;
				CLANG_WARN_DIRECT_OBJC_ISA_USAGE = YES_ERROR;
				CLANG_WARN_DOCUMENTATION_COMMENTS = YES;
				CLANG_WARN_EMPTY_BODY = YES;
				CLANG_WARN_ENUM_CONVERSION = YES;
				CLANG_WARN_INFINITE_RECURSION = YES;
				CLANG_WARN_INT_CONVERSION = YES;
				CLANG_WARN_NON_LITERAL_NULL_CONVERSION = YES;
				CLANG_WARN_OBJC_IMPLICIT_RETAIN_SELF = YES;
				CLANG_WARN_OBJC_LITERAL_CONVERSION = YES;
				CLANG_WARN_OBJC_ROOT_CLASS = YES_ERROR;
				CLANG_WARN_QUOTED_INCLUDE_IN_FRAMEWORK_HEADER = YES;
				CLANG_WARN_RANGE_LOOP_ANALYSIS = YES;
				CLANG_WARN_STRICT_PROTOTYPES = YES;
				CLANG_WARN_SUSPICIOUS_MOVE = YES;
				CLANG_WARN_UNGUARDED_AVAILABILITY = YES_AGGRESSIVE;
				CLANG_WARN_UNREACHABLE_CODE = YES;
				CLANG_WARN__DUPLICATE_METHOD_MATCH = YES;
				COPY_PHASE_STRIP = NO;
				DEBUG_INFORMATION_FORMAT = "dwarf-with-dsym";
				ENABLE_NS_ASSERTIONS = NO;
				ENABLE_STRICT_OBJC_MSGSEND = YES;
				GCC_C_LANGUAGE_STANDARD = gnu11;
				GCC_NO_COMMON_BLOCKS = YES;
				GCC_WARN_64_TO_32_BIT_CONVERSION = YES;
				GCC_WARN_ABOUT_RETURN_TYPE = YES_ERROR;
				GCC_WARN_UNDECLARED_SELECTOR = YES;
				GCC_WARN_UNINITIALIZED_AUTOS = YES_AGGRESSIVE;
				GCC_WARN_UNUSED_FUNCTION = YES;
				GCC_WARN_UNUSED_VARIABLE = YES;
				IPHONEOS_DEPLOYMENT_TARGET = 15.5;
				MTL_ENABLE_DEBUG_INFO = NO;
				MTL_FAST_MATH = YES;
				SDKROOT = iphoneos;
				SWIFT_COMPILATION_MODE = wholemodule;
				SWIFT_OPTIMIZATION_LEVEL = "-O";
				VALIDATE_PRODUCT = YES;
			};
			name = Release;
		};
		C4BEA49128623B8C00F33AB4 /* Debug */ = {
			isa = XCBuildConfiguration;
			buildSettings = {
				ASSETCATALOG_COMPILER_APPICON_NAME = AppIcon;
				ASSETCATALOG_COMPILER_GLOBAL_ACCENT_COLOR_NAME = AccentColor;
				CODE_SIGN_IDENTITY = "Apple Development";
				CODE_SIGN_STYLE = Automatic;
				CURRENT_PROJECT_VERSION = 1;
				DEVELOPMENT_TEAM = R3AXTCLPKH;
				GENERATE_INFOPLIST_FILE = YES;
				INFOPLIST_FILE = "Calculadora-1/Info.plist";
				INFOPLIST_KEY_UIApplicationSupportsIndirectInputEvents = YES;
				INFOPLIST_KEY_UILaunchStoryboardName = LaunchScreen;
				INFOPLIST_KEY_UIMainStoryboardFile = Main;
				INFOPLIST_KEY_UISupportedInterfaceOrientations_iPad = "UIInterfaceOrientationPortrait UIInterfaceOrientationPortraitUpsideDown UIInterfaceOrientationLandscapeLeft UIInterfaceOrientationLandscapeRight";
				INFOPLIST_KEY_UISupportedInterfaceOrientations_iPhone = "UIInterfaceOrientationPortrait UIInterfaceOrientationLandscapeLeft UIInterfaceOrientationLandscapeRight";
				LD_RUNPATH_SEARCH_PATHS = (
					"$(inherited)",
					"@executable_path/Frameworks",
				);
				MARKETING_VERSION = 1.0;
				PRODUCT_BUNDLE_IDENTIFIER = "com.akelbarbosa.Practica.Calculadora-1";
				PRODUCT_NAME = "$(TARGET_NAME)";
				PROVISIONING_PROFILE_SPECIFIER = "";
				SWIFT_EMIT_LOC_STRINGS = YES;
				SWIFT_VERSION = 5.0;
				TARGETED_DEVICE_FAMILY = "1,2";
			};
			name = Debug;
		};
		C4BEA49228623B8C00F33AB4 /* Release */ = {
			isa = XCBuildConfiguration;
			buildSettings = {
				ASSETCATALOG_COMPILER_APPICON_NAME = AppIcon;
				ASSETCATALOG_COMPILER_GLOBAL_ACCENT_COLOR_NAME = AccentColor;
				CODE_SIGN_IDENTITY = "Apple Development";
				CODE_SIGN_STYLE = Automatic;
				CURRENT_PROJECT_VERSION = 1;
				DEVELOPMENT_TEAM = R3AXTCLPKH;
				GENERATE_INFOPLIST_FILE = YES;
				INFOPLIST_FILE = "Calculadora-1/Info.plist";
				INFOPLIST_KEY_UIApplicationSupportsIndirectInputEvents = YES;
				INFOPLIST_KEY_UILaunchStoryboardName = LaunchScreen;
				INFOPLIST_KEY_UIMainStoryboardFile = Main;
				INFOPLIST_KEY_UISupportedInterfaceOrientations_iPad = "UIInterfaceOrientationPortrait UIInterfaceOrientationPortraitUpsideDown UIInterfaceOrientationLandscapeLeft UIInterfaceOrientationLandscapeRight";
				INFOPLIST_KEY_UISupportedInterfaceOrientations_iPhone = "UIInterfaceOrientationPortrait UIInterfaceOrientationLandscapeLeft UIInterfaceOrientationLandscapeRight";
				LD_RUNPATH_SEARCH_PATHS = (
					"$(inherited)",
					"@executable_path/Frameworks",
				);
				MARKETING_VERSION = 1.0;
				PRODUCT_BUNDLE_IDENTIFIER = "com.akelbarbosa.Practica.Calculadora-1";
				PRODUCT_NAME = "$(TARGET_NAME)";
				PROVISIONING_PROFILE_SPECIFIER = "";
				SWIFT_EMIT_LOC_STRINGS = YES;
				SWIFT_VERSION = 5.0;
				TARGETED_DEVICE_FAMILY = "1,2";
			};
			name = Release;
		};
/* End XCBuildConfiguration section */

/* Begin XCConfigurationList section */
		C4BEA47728623B8900F33AB4 /* Build configuration list for PBXProject "Calculadora-1" */ = {
			isa = XCConfigurationList;
			buildConfigurations = (
				C4BEA48E28623B8C00F33AB4 /* Debug */,
				C4BEA48F28623B8C00F33AB4 /* Release */,
			);
			defaultConfigurationIsVisible = 0;
			defaultConfigurationName = Release;
		};
		C4BEA49028623B8C00F33AB4 /* Build configuration list for PBXNativeTarget "Calculadora-1" */ = {
			isa = XCConfigurationList;
			buildConfigurations = (
				C4BEA49128623B8C00F33AB4 /* Debug */,
				C4BEA49228623B8C00F33AB4 /* Release */,
			);
			defaultConfigurationIsVisible = 0;
			defaultConfigurationName = Release;
		};
/* End XCConfigurationList section */

/* Begin XCRemoteSwiftPackageReference section */
		C4BEA4A32864F83F00F33AB4 /* XCRemoteSwiftPackageReference "BigEval" */ = {
			isa = XCRemoteSwiftPackageReference;
			repositoryURL = "https://github.com/aviaryan/BigEval.js";
			requirement = {
				branch = master;
				kind = branch;
			};
		};
/* End XCRemoteSwiftPackageReference section */
	};
	rootObject = C4BEA47428623B8900F33AB4 /* Project object */;
}
